
Microsoft Visual Studio Solution File, Format Version 12.00
# Visual Studio Version 17
VisualStudioVersion = 17.5.33530.505
MinimumVisualStudioVersion = 10.0.40219.1
Project("{FAE04EC0-301F-11D3-BF4B-00C04F79EFBC}") = "test-WebApplication2", "test-WebApplication2\test-WebApplication2.csproj", "{397CD1BB-BD3E-4988-A256-31E0EB0C1BE1}"
EndProject
Global
	GlobalSection(SolutionConfigurationPlatforms) = preSolution
		Debug|Any CPU = Debug|Any CPU
		Release|Any CPU = Release|Any CPU
	EndGlobalSection
	GlobalSection(ProjectConfigurationPlatforms) = postSolution
		{397CD1BB-BD3E-4988-A256-31E0EB0C1BE1}.Debug|Any CPU.ActiveCfg = Debug|Any CPU
		{397CD1BB-BD3E-4988-A256-31E0EB0C1BE1}.Debug|Any CPU.Build.0 = Debug|Any CPU
		{397CD1BB-BD3E-4988-A256-31E0EB0C1BE1}.Release|Any CPU.ActiveCfg = Release|Any CPU
		{397CD1BB-BD3E-4988-A256-31E0EB0C1BE1}.Release|Any CPU.Build.0 = Release|Any CPU
	EndGlobalSection
	GlobalSection(SolutionProperties) = preSolution
		HideSolutionNode = FALSE
	EndGlobalSection
	GlobalSection(ExtensibilityGlobals) = postSolution
		SolutionGuid = {E76F6C65-A315-4F1D-9443-11818F341931}
	EndGlobalSection
EndGlobal
